// !$*UTF8*$!
{
	archiveVersion = 1;
	classes = {
	};
	objectVersion = 46;
	objects = {

/* Begin PBXBuildFile section */
		932AD3871CFE183A000CA2BE /* MessageController.swift in Sources */ = {isa = PBXBuildFile; fileRef = 932AD3861CFE183A000CA2BE /* MessageController.swift */; };
		932AD3AE1CFE4E7F000CA2BE /* Main.storyboard in Resources */ = {isa = PBXBuildFile; fileRef = 932AD3AC1CFE4E7F000CA2BE /* Main.storyboard */; };
		934859EE1D00F07400A75A02 /* ContactsGETService.swift in Sources */ = {isa = PBXBuildFile; fileRef = 934859ED1D00F07400A75A02 /* ContactsGETService.swift */; };
		934859F01D00F91500A75A02 /* Contact.swift in Sources */ = {isa = PBXBuildFile; fileRef = 934859EF1D00F91500A75A02 /* Contact.swift */; };
		93A5FED31CF91D2600DB7202 /* Podfile in Resources */ = {isa = PBXBuildFile; fileRef = 93A5FED21CF91D2600DB7202 /* Podfile */; };
		93A5FED51CF9322D00DB7202 /* CustomCellClass.swift in Sources */ = {isa = PBXBuildFile; fileRef = 93A5FED41CF9322D00DB7202 /* CustomCellClass.swift */; };
		93B99F281CFF2831005A0B8C /* Loggin.swift in Sources */ = {isa = PBXBuildFile; fileRef = 93B99F271CFF2831005A0B8C /* Loggin.swift */; };
		93E1AF9A1CEFF2C20042E902 /* ViewController2.swift in Sources */ = {isa = PBXBuildFile; fileRef = 93E1AF991CEFF2C20042E902 /* ViewController2.swift */; };
		93ED30611CEFD68E003CEBA8 /* AppDelegate.swift in Sources */ = {isa = PBXBuildFile; fileRef = 93ED30601CEFD68E003CEBA8 /* AppDelegate.swift */; };
		93ED30631CEFD68E003CEBA8 /* ViewController.swift in Sources */ = {isa = PBXBuildFile; fileRef = 93ED30621CEFD68E003CEBA8 /* ViewController.swift */; };
		93ED30681CEFD68E003CEBA8 /* Assets.xcassets in Resources */ = {isa = PBXBuildFile; fileRef = 93ED30671CEFD68E003CEBA8 /* Assets.xcassets */; };
		93ED306B1CEFD68E003CEBA8 /* LaunchScreen.storyboard in Resources */ = {isa = PBXBuildFile; fileRef = 93ED30691CEFD68E003CEBA8 /* LaunchScreen.storyboard */; };
		93ED30731CEFD7C9003CEBA8 /* TaskManager.swift in Sources */ = {isa = PBXBuildFile; fileRef = 93ED30721CEFD7C9003CEBA8 /* TaskManager.swift */; };
		93ED30771CEFDA89003CEBA8 /* Task.swift in Sources */ = {isa = PBXBuildFile; fileRef = 93ED30761CEFDA89003CEBA8 /* Task.swift */; };
		93F72D241CFF4B700021A888 /* FilesController.swift in Sources */ = {isa = PBXBuildFile; fileRef = 93F72D231CFF4B700021A888 /* FilesController.swift */; };
		93F72D261CFF6AB10021A888 /* CustomTabBar.swift in Sources */ = {isa = PBXBuildFile; fileRef = 93F72D251CFF6AB10021A888 /* CustomTabBar.swift */; };
		C1EB8597C8C5395D259630BA /* Pods_Taskapps.framework in Frameworks */ = {isa = PBXBuildFile; fileRef = E716BD78E6F32CEFCDF3B325 /* Pods_Taskapps.framework */; };
/* End PBXBuildFile section */

/* Begin PBXFileReference section */
		8346667B0CE1F504E1ED7661 /* Pods-Taskapps.release.xcconfig */ = {isa = PBXFileReference; includeInIndex = 1; lastKnownFileType = text.xcconfig; name = "Pods-Taskapps.release.xcconfig"; path = "Pods/Target Support Files/Pods-Taskapps/Pods-Taskapps.release.xcconfig"; sourceTree = "<group>"; };
		932AD3861CFE183A000CA2BE /* MessageController.swift */ = {isa = PBXFileReference; fileEncoding = 4; lastKnownFileType = sourcecode.swift; path = MessageController.swift; sourceTree = "<group>"; };
		932AD3AD1CFE4E7F000CA2BE /* Base */ = {isa = PBXFileReference; lastKnownFileType = file.storyboard; name = Base; path = Base.lproj/Main.storyboard; sourceTree = "<group>"; };
		934859ED1D00F07400A75A02 /* ContactsGETService.swift */ = {isa = PBXFileReference; fileEncoding = 4; lastKnownFileType = sourcecode.swift; path = ContactsGETService.swift; sourceTree = "<group>"; };
		934859EF1D00F91500A75A02 /* Contact.swift */ = {isa = PBXFileReference; fileEncoding = 4; lastKnownFileType = sourcecode.swift; path = Contact.swift; sourceTree = "<group>"; };
		93A5FED21CF91D2600DB7202 /* Podfile */ = {isa = PBXFileReference; fileEncoding = 4; lastKnownFileType = text; path = Podfile; sourceTree = "<group>"; xcLanguageSpecificationIdentifier = xcode.lang.ruby; };
		93A5FED41CF9322D00DB7202 /* CustomCellClass.swift */ = {isa = PBXFileReference; fileEncoding = 4; lastKnownFileType = sourcecode.swift; path = CustomCellClass.swift; sourceTree = "<group>"; };
		93B99F271CFF2831005A0B8C /* Loggin.swift */ = {isa = PBXFileReference; fileEncoding = 4; lastKnownFileType = sourcecode.swift; path = Loggin.swift; sourceTree = "<group>"; };
		93E1AF991CEFF2C20042E902 /* ViewController2.swift */ = {isa = PBXFileReference; fileEncoding = 4; lastKnownFileType = sourcecode.swift; path = ViewController2.swift; sourceTree = "<group>"; };
		93ED305D1CEFD68E003CEBA8 /* Taskapps.app */ = {isa = PBXFileReference; explicitFileType = wrapper.application; includeInIndex = 0; path = Taskapps.app; sourceTree = BUILT_PRODUCTS_DIR; };
		93ED30601CEFD68E003CEBA8 /* AppDelegate.swift */ = {isa = PBXFileReference; lastKnownFileType = sourcecode.swift; path = AppDelegate.swift; sourceTree = "<group>"; };
		93ED30621CEFD68E003CEBA8 /* ViewController.swift */ = {isa = PBXFileReference; lastKnownFileType = sourcecode.swift; path = ViewController.swift; sourceTree = "<group>"; };
		93ED30671CEFD68E003CEBA8 /* Assets.xcassets */ = {isa = PBXFileReference; lastKnownFileType = folder.assetcatalog; path = Assets.xcassets; sourceTree = "<group>"; };
		93ED306A1CEFD68E003CEBA8 /* Base */ = {isa = PBXFileReference; lastKnownFileType = file.storyboard; name = Base; path = Base.lproj/LaunchScreen.storyboard; sourceTree = "<group>"; };
		93ED306C1CEFD68E003CEBA8 /* Info.plist */ = {isa = PBXFileReference; lastKnownFileType = text.plist.xml; path = Info.plist; sourceTree = "<group>"; };
		93ED30721CEFD7C9003CEBA8 /* TaskManager.swift */ = {isa = PBXFileReference; fileEncoding = 4; lastKnownFileType = sourcecode.swift; path = TaskManager.swift; sourceTree = "<group>"; };
		93ED30761CEFDA89003CEBA8 /* Task.swift */ = {isa = PBXFileReference; fileEncoding = 4; lastKnownFileType = sourcecode.swift; path = Task.swift; sourceTree = "<group>"; };
		93F72D231CFF4B700021A888 /* FilesController.swift */ = {isa = PBXFileReference; fileEncoding = 4; lastKnownFileType = sourcecode.swift; path = FilesController.swift; sourceTree = "<group>"; };
		93F72D251CFF6AB10021A888 /* CustomTabBar.swift */ = {isa = PBXFileReference; fileEncoding = 4; lastKnownFileType = sourcecode.swift; path = CustomTabBar.swift; sourceTree = "<group>"; };
		E2D4BED57932F1D4F61DCFF2 /* Pods-Taskapps.debug.xcconfig */ = {isa = PBXFileReference; includeInIndex = 1; lastKnownFileType = text.xcconfig; name = "Pods-Taskapps.debug.xcconfig"; path = "Pods/Target Support Files/Pods-Taskapps/Pods-Taskapps.debug.xcconfig"; sourceTree = "<group>"; };
		E716BD78E6F32CEFCDF3B325 /* Pods_Taskapps.framework */ = {isa = PBXFileReference; explicitFileType = wrapper.framework; includeInIndex = 0; path = Pods_Taskapps.framework; sourceTree = BUILT_PRODUCTS_DIR; };
/* End PBXFileReference section */

/* Begin PBXFrameworksBuildPhase section */
		93ED305A1CEFD68E003CEBA8 /* Frameworks */ = {
			isa = PBXFrameworksBuildPhase;
			buildActionMask = 2147483647;
			files = (
				C1EB8597C8C5395D259630BA /* Pods_Taskapps.framework in Frameworks */,
			);
			runOnlyForDeploymentPostprocessing = 0;
		};
/* End PBXFrameworksBuildPhase section */

/* Begin PBXGroup section */
		79D19380146204B11520B808 /* Frameworks */ = {
			isa = PBXGroup;
			children = (
				E716BD78E6F32CEFCDF3B325 /* Pods_Taskapps.framework */,
			);
			name = Frameworks;
			sourceTree = "<group>";
		};
		93ED30541CEFD68E003CEBA8 = {
			isa = PBXGroup;
			children = (
				93A5FED21CF91D2600DB7202 /* Podfile */,
				93ED305F1CEFD68E003CEBA8 /* Taskapps */,
				93ED305E1CEFD68E003CEBA8 /* Products */,
				BDD42F7DF633F2748B6CE984 /* Pods */,
				79D19380146204B11520B808 /* Frameworks */,
			);
			sourceTree = "<group>";
		};
		93ED305E1CEFD68E003CEBA8 /* Products */ = {
			isa = PBXGroup;
			children = (
				93ED305D1CEFD68E003CEBA8 /* Taskapps.app */,
			);
			name = Products;
			sourceTree = "<group>";
		};
		93ED305F1CEFD68E003CEBA8 /* Taskapps */ = {
			isa = PBXGroup;
			children = (
				93ED30601CEFD68E003CEBA8 /* AppDelegate.swift */,
				93ED30621CEFD68E003CEBA8 /* ViewController.swift */,
				93ED30671CEFD68E003CEBA8 /* Assets.xcassets */,
				932AD3AC1CFE4E7F000CA2BE /* Main.storyboard */,
				93ED30691CEFD68E003CEBA8 /* LaunchScreen.storyboard */,
				93ED306C1CEFD68E003CEBA8 /* Info.plist */,
				93ED30721CEFD7C9003CEBA8 /* TaskManager.swift */,
				93ED30761CEFDA89003CEBA8 /* Task.swift */,
				93E1AF991CEFF2C20042E902 /* ViewController2.swift */,
				93A5FED41CF9322D00DB7202 /* CustomCellClass.swift */,
				932AD3861CFE183A000CA2BE /* MessageController.swift */,
				93B99F271CFF2831005A0B8C /* Loggin.swift */,
				93F72D231CFF4B700021A888 /* FilesController.swift */,
				93F72D251CFF6AB10021A888 /* CustomTabBar.swift */,
				934859ED1D00F07400A75A02 /* ContactsGETService.swift */,
				934859EF1D00F91500A75A02 /* Contact.swift */,
			);
			path = Taskapps;
			sourceTree = "<group>";
		};
		BDD42F7DF633F2748B6CE984 /* Pods */ = {
			isa = PBXGroup;
			children = (
				E2D4BED57932F1D4F61DCFF2 /* Pods-Taskapps.debug.xcconfig */,
				8346667B0CE1F504E1ED7661 /* Pods-Taskapps.release.xcconfig */,
			);
			name = Pods;
			sourceTree = "<group>";
		};
/* End PBXGroup section */

/* Begin PBXNativeTarget section */
		93ED305C1CEFD68E003CEBA8 /* Taskapps */ = {
			isa = PBXNativeTarget;
			buildConfigurationList = 93ED306F1CEFD68E003CEBA8 /* Build configuration list for PBXNativeTarget "Taskapps" */;
			buildPhases = (
				05DF80FCED47338EE2E950E5 /* 📦 Check Pods Manifest.lock */,
				93ED30591CEFD68E003CEBA8 /* Sources */,
				93ED305A1CEFD68E003CEBA8 /* Frameworks */,
				93ED305B1CEFD68E003CEBA8 /* Resources */,
				7414B3112892C77BC43791FE /* 📦 Embed Pods Frameworks */,
				D06230D2B64329313D188839 /* 📦 Copy Pods Resources */,
			);
			buildRules = (
			);
			dependencies = (
			);
			name = Taskapps;
			productName = Taskapps;
			productReference = 93ED305D1CEFD68E003CEBA8 /* Taskapps.app */;
			productType = "com.apple.product-type.application";
		};
/* End PBXNativeTarget section */

/* Begin PBXProject section */
		93ED30551CEFD68E003CEBA8 /* Project object */ = {
			isa = PBXProject;
			attributes = {
				LastSwiftUpdateCheck = 0730;
				LastUpgradeCheck = 0730;
				ORGANIZATIONNAME = "Javeriana Cali";
				TargetAttributes = {
					93ED305C1CEFD68E003CEBA8 = {
						CreatedOnToolsVersion = 7.3;
					};
				};
			};
			buildConfigurationList = 93ED30581CEFD68E003CEBA8 /* Build configuration list for PBXProject "Taskapps" */;
			compatibilityVersion = "Xcode 3.2";
			developmentRegion = English;
			hasScannedForEncodings = 0;
			knownRegions = (
				en,
				Base,
			);
			mainGroup = 93ED30541CEFD68E003CEBA8;
			productRefGroup = 93ED305E1CEFD68E003CEBA8 /* Products */;
			projectDirPath = "";
			projectRoot = "";
			targets = (
				93ED305C1CEFD68E003CEBA8 /* Taskapps */,
			);
		};
/* End PBXProject section */

/* Begin PBXResourcesBuildPhase section */
		93ED305B1CEFD68E003CEBA8 /* Resources */ = {
			isa = PBXResourcesBuildPhase;
			buildActionMask = 2147483647;
			files = (
				93ED306B1CEFD68E003CEBA8 /* LaunchScreen.storyboard in Resources */,
				93ED30681CEFD68E003CEBA8 /* Assets.xcassets in Resources */,
				93A5FED31CF91D2600DB7202 /* Podfile in Resources */,
				932AD3AE1CFE4E7F000CA2BE /* Main.storyboard in Resources */,
			);
			runOnlyForDeploymentPostprocessing = 0;
		};
/* End PBXResourcesBuildPhase section */

/* Begin PBXShellScriptBuildPhase section */
		05DF80FCED47338EE2E950E5 /* 📦 Check Pods Manifest.lock */ = {
			isa = PBXShellScriptBuildPhase;
			buildActionMask = 2147483647;
			files = (
			);
			inputPaths = (
			);
			name = "📦 Check Pods Manifest.lock";
			outputPaths = (
			);
			runOnlyForDeploymentPostprocessing = 0;
			shellPath = /bin/sh;
			shellScript = "diff \"${PODS_ROOT}/../Podfile.lock\" \"${PODS_ROOT}/Manifest.lock\" > /dev/null\nif [[ $? != 0 ]] ; then\n    cat << EOM\nerror: The sandbox is not in sync with the Podfile.lock. Run 'pod install' or update your CocoaPods installation.\nEOM\n    exit 1\nfi\n";
			showEnvVarsInLog = 0;
		};
		7414B3112892C77BC43791FE /* 📦 Embed Pods Frameworks */ = {
			isa = PBXShellScriptBuildPhase;
			buildActionMask = 2147483647;
			files = (
			);
			inputPaths = (
			);
			name = "📦 Embed Pods Frameworks";
			outputPaths = (
			);
			runOnlyForDeploymentPostprocessing = 0;
			shellPath = /bin/sh;
			shellScript = "\"${SRCROOT}/Pods/Target Support Files/Pods-Taskapps/Pods-Taskapps-frameworks.sh\"\n";
			showEnvVarsInLog = 0;
		};
		D06230D2B64329313D188839 /* 📦 Copy Pods Resources */ = {
			isa = PBXShellScriptBuildPhase;
			buildActionMask = 2147483647;
			files = (
			);
			inputPaths = (
			);
			name = "📦 Copy Pods Resources";
			outputPaths = (
			);
			runOnlyForDeploymentPostprocessing = 0;
			shellPath = /bin/sh;
			shellScript = "\"${SRCROOT}/Pods/Target Support Files/Pods-Taskapps/Pods-Taskapps-resources.sh\"\n";
			showEnvVarsInLog = 0;
		};
/* End PBXShellScriptBuildPhase section */

/* Begin PBXSourcesBuildPhase section */
		93ED30591CEFD68E003CEBA8 /* Sources */ = {
			isa = PBXSourcesBuildPhase;
			buildActionMask = 2147483647;
			files = (
				934859F01D00F91500A75A02 /* Contact.swift in Sources */,
				93E1AF9A1CEFF2C20042E902 /* ViewController2.swift in Sources */,
				93ED30771CEFDA89003CEBA8 /* Task.swift in Sources */,
				932AD3871CFE183A000CA2BE /* MessageController.swift in Sources */,
				93F72D261CFF6AB10021A888 /* CustomTabBar.swift in Sources */,
				93F72D241CFF4B700021A888 /* FilesController.swift in Sources */,
				93ED30731CEFD7C9003CEBA8 /* TaskManager.swift in Sources */,
				93ED30631CEFD68E003CEBA8 /* ViewController.swift in Sources */,
				93B99F281CFF2831005A0B8C /* Loggin.swift in Sources */,
				93ED30611CEFD68E003CEBA8 /* AppDelegate.swift in Sources */,
				93A5FED51CF9322D00DB7202 /* CustomCellClass.swift in Sources */,
				934859EE1D00F07400A75A02 /* ContactsGETService.swift in Sources */,
			);
			runOnlyForDeploymentPostprocessing = 0;
		};
/* End PBXSourcesBuildPhase section */

/* Begin PBXVariantGroup section */
		932AD3AC1CFE4E7F000CA2BE /* Main.storyboard */ = {
			isa = PBXVariantGroup;
			children = (
				932AD3AD1CFE4E7F000CA2BE /* Base */,
			);
			name = Main.storyboard;
			sourceTree = "<group>";
		};
		93ED30691CEFD68E003CEBA8 /* LaunchScreen.storyboard */ = {
			isa = PBXVariantGroup;
			children = (
				93ED306A1CEFD68E003CEBA8 /* Base */,
			);
			name = LaunchScreen.storyboard;
			sourceTree = "<group>";
		};
/* End PBXVariantGroup section */

/* Begin XCBuildConfiguration section */
		93ED306D1CEFD68E003CEBA8 /* Debug */ = {
			isa = XCBuildConfiguration;
			buildSettings = {
				ALWAYS_SEARCH_USER_PATHS = NO;
				CLANG_ANALYZER_NONNULL = YES;
				CLANG_CXX_LANGUAGE_STANDARD = "gnu++0x";
				CLANG_CXX_LIBRARY = "libc++";
				CLANG_ENABLE_MODULES = YES;
				CLANG_ENABLE_OBJC_ARC = YES;
				CLANG_WARN_BOOL_CONVERSION = YES;
				CLANG_WARN_CONSTANT_CONVERSION = YES;
				CLANG_WARN_DIRECT_OBJC_ISA_USAGE = YES_ERROR;
				CLANG_WARN_EMPTY_BODY = YES;
				CLANG_WARN_ENUM_CONVERSION = YES;
				CLANG_WARN_INT_CONVERSION = YES;
				CLANG_WARN_OBJC_ROOT_CLASS = YES_ERROR;
				CLANG_WARN_UNREACHABLE_CODE = YES;
				CLANG_WARN__DUPLICATE_METHOD_MATCH = YES;
				"CODE_SIGN_IDENTITY[sdk=iphoneos*]" = "iPhone Developer";
				COPY_PHASE_STRIP = NO;
				DEBUG_INFORMATION_FORMAT = dwarf;
				ENABLE_STRICT_OBJC_MSGSEND = YES;
				ENABLE_TESTABILITY = YES;
				GCC_C_LANGUAGE_STANDARD = gnu99;
				GCC_DYNAMIC_NO_PIC = NO;
				GCC_NO_COMMON_BLOCKS = YES;
				GCC_OPTIMIZATION_LEVEL = 0;
				GCC_PREPROCESSOR_DEFINITIONS = (
					"DEBUG=1",
					"$(inherited)",
				);
				GCC_WARN_64_TO_32_BIT_CONVERSION = YES;
				GCC_WARN_ABOUT_RETURN_TYPE = YES_ERROR;
				GCC_WARN_UNDECLARED_SELECTOR = YES;
				GCC_WARN_UNINITIALIZED_AUTOS = YES_AGGRESSIVE;
				GCC_WARN_UNUSED_FUNCTION = YES;
				GCC_WARN_UNUSED_VARIABLE = YES;
				IPHONEOS_DEPLOYMENT_TARGET = 9.3;
				MTL_ENABLE_DEBUG_INFO = YES;
				ONLY_ACTIVE_ARCH = YES;
				SDKROOT = iphoneos;
				SWIFT_OPTIMIZATION_LEVEL = "-Onone";
			};
			name = Debug;
		};
		93ED306E1CEFD68E003CEBA8 /* Release */ = {
			isa = XCBuildConfiguration;
			buildSettings = {
				ALWAYS_SEARCH_USER_PATHS = NO;
				CLANG_ANALYZER_NONNULL = YES;
				CLANG_CXX_LANGUAGE_STANDARD = "gnu++0x";
				CLANG_CXX_LIBRARY = "libc++";
				CLANG_ENABLE_MODULES = YES;
				CLANG_ENABLE_OBJC_ARC = YES;
				CLANG_WARN_BOOL_CONVERSION = YES;
				CLANG_WARN_CONSTANT_CONVERSION = YES;
				CLANG_WARN_DIRECT_OBJC_ISA_USAGE = YES_ERROR;
				CLANG_WARN_EMPTY_BODY = YES;
				CLANG_WARN_ENUM_CONVERSION = YES;
				CLANG_WARN_INT_CONVERSION = YES;
				CLANG_WARN_OBJC_ROOT_CLASS = YES_ERROR;
				CLANG_WARN_UNREACHABLE_CODE = YES;
				CLANG_WARN__DUPLICATE_METHOD_MATCH = YES;
				"CODE_SIGN_IDENTITY[sdk=iphoneos*]" = "iPhone Developer";
				COPY_PHASE_STRIP = NO;
				DEBUG_INFORMATION_FORMAT = "dwarf-with-dsym";
				ENABLE_NS_ASSERTIONS = NO;
				ENABLE_STRICT_OBJC_MSGSEND = YES;
				GCC_C_LANGUAGE_STANDARD = gnu99;
				GCC_NO_COMMON_BLOCKS = YES;
				GCC_WARN_64_TO_32_BIT_CONVERSION = YES;
				GCC_WARN_ABOUT_RETURN_TYPE = YES_ERROR;
				GCC_WARN_UNDECLARED_SELECTOR = YES;
				GCC_WARN_UNINITIALIZED_AUTOS = YES_AGGRESSIVE;
				GCC_WARN_UNUSED_FUNCTION = YES;
				GCC_WARN_UNUSED_VARIABLE = YES;
				IPHONEOS_DEPLOYMENT_TARGET = 9.3;
				MTL_ENABLE_DEBUG_INFO = NO;
				SDKROOT = iphoneos;
				VALIDATE_PRODUCT = YES;
			};
			name = Release;
		};
		93ED30701CEFD68E003CEBA8 /* Debug */ = {
			isa = XCBuildConfiguration;
			baseConfigurationReference = E2D4BED57932F1D4F61DCFF2 /* Pods-Taskapps.debug.xcconfig */;
			buildSettings = {
				ASSETCATALOG_COMPILER_APPICON_NAME = AppIcon;
				INFOPLIST_FILE = Taskapps/Info.plist;
				LD_RUNPATH_SEARCH_PATHS = "$(inherited) @executable_path/Frameworks";
				PRODUCT_BUNDLE_IDENTIFIER = com.javerianacali.Taskapps;
				PRODUCT_NAME = "$(TARGET_NAME)";
			};
			name = Debug;
		};
		93ED30711CEFD68E003CEBA8 /* Release */ = {
			isa = XCBuildConfiguration;
			baseConfigurationReference = 8346667B0CE1F504E1ED7661 /* Pods-Taskapps.release.xcconfig */;
			buildSettings = {
				ASSETCATALOG_COMPILER_APPICON_NAME = AppIcon;
				INFOPLIST_FILE = Taskapps/Info.plist;
				LD_RUNPATH_SEARCH_PATHS = "$(inherited) @executable_path/Frameworks";
				PRODUCT_BUNDLE_IDENTIFIER = com.javerianacali.Taskapps;
				PRODUCT_NAME = "$(TARGET_NAME)";
			};
			name = Release;
		};
/* End XCBuildConfiguration section */

/* Begin XCConfigurationList section */
		93ED30581CEFD68E003CEBA8 /* Build configuration list for PBXProject "Taskapps" */ = {
			isa = XCConfigurationList;
			buildConfigurations = (
				93ED306D1CEFD68E003CEBA8 /* Debug */,
				93ED306E1CEFD68E003CEBA8 /* Release */,
			);
			defaultConfigurationIsVisible = 0;
			defaultConfigurationName = Release;
		};
		93ED306F1CEFD68E003CEBA8 /* Build configuration list for PBXNativeTarget "Taskapps" */ = {
			isa = XCConfigurationList;
			buildConfigurations = (
				93ED30701CEFD68E003CEBA8 /* Debug */,
				93ED30711CEFD68E003CEBA8 /* Release */,
			);
			defaultConfigurationIsVisible = 0;
			defaultConfigurationName = Release;
		};
/* End XCConfigurationList section */
	};
	rootObject = 93ED30551CEFD68E003CEBA8 /* Project object */;
}
